github.com/klauspost/compress v1.18.7 h1:aUyZsS4kH3QTKurYhAOwAHxllVPnOthb3vPfnF1Ehjw=
github.com/klauspost/compress v1.18.7/go.mod h1:cwPg85FWrGar70rWktvGQj8/hthj3wpl0PGDogxkrSQ=
github.com/pierrec/lz4/v4 v4.1.26 h1:GrpZw1gZttORinvzBdXPUXATeqlJjqUG/D87TKMnhjY=
github.com/pierrec/lz4/v4 v4.1.26/go.mod h1:EoQMVJgeeEOMsCqCzqFm2O0cJvljX2nGZjcRIPL34O4=
github.com/spice-framework/spice v0.0.0-20260805175412-383c17744300 h1:cqHN/VvCqhwGqj8kR+2XAev9PVSDOnW7AtkkI88XbwM=
github.com/spice-framework/spice v0.0.0-20260805175412-383c17744300/go.mod h1:823ZmaopXc+f3ASWbIJL26fEXl1HP7lpyO0x5tE74tE=
github.com/twmb/franz-go v1.21.0 h1:J3uB/poWgHD6VIilER2uCPFAZHDRXVFT+11pBgRKod4=
github.com/twmb/franz-go v1.21.0/go.mod h1:1o+jj5oRbItsIMoE+DGpfJIcPcPtDdtkcNFPj4bWNwU=
github.com/twmb/franz-go/pkg/kmsg v1.13.1 h1:fG5kItwysTk5UXqVwb64EpQEy3TydF3vYYK21nUQ+bI=
github.com/twmb/franz-go/pkg/kmsg v1.13.1/go.mod h1:+DPt4NC8RmI6hqb8G09+3giKObE6uD2Eya6CfqBpeJY=
golang.org/x/crypto v0.52.0 h1:RMs7fP2rXdep0CftQlK8Uf+kibLm7qkCcradZWYz988=
golang.org/x/crypto v0.52.0/go.mod h1:1QgfPxDqh0T2M/elOJtp9RvuR95kVjir0e6/BvEmGbc=
