github.com/klauspost/compress v1.18.7 h1:aUyZsS4kH3QTKurYhAOwAHxllVPnOthb3vPfnF1Ehjw=
github.com/klauspost/compress v1.18.7/go.mod h1:cwPg85FWrGar70rWktvGQj8/hthj3wpl0PGDogxkrSQ=
github.com/pierrec/lz4/v4 v4.1.26 h1:GrpZw1gZttORinvzBdXPUXATeqlJjqUG/D87TKMnhjY=
github.com/pierrec/lz4/v4 v4.1.26/go.mod h1:EoQMVJgeeEOMsCqCzqFm2O0cJvljX2nGZjcRIPL34O4=
github.com/spice-framework/development v0.0.0-20260806132124-4c308d1b9fda h1:2NwMsYJ6BqeA5johEh5gXxqEyf5RoVsKZyNH4AMR4Yo=
github.com/spice-framework/development v0.0.0-20260806132124-4c308d1b9fda/go.mod h1:0lIxjVtv+p4iTrvLJm05OjimS2MSrIqM1xPR7Q0GHEg=
github.com/spice-framework/spice v0.0.0-20260805222830-a2ecd56df246 h1:IAPcr8bmwyeNQWME5bUWg/NvDVGoBJY+TRumFXMPXR8=
github.com/spice-framework/spice v0.0.0-20260805222830-a2ecd56df246/go.mod h1:dBZV5UZcbY6pzhfGNtvAwQIJ8YsFna+jf1SAlmukJfk=
github.com/spice-framework/toolchain v0.0.0-20260806133530-71211498297c h1:US3ChgXYhIXFZ5VNYQ2BjuiTbStVNEyC1cBjxN3SCXM=
github.com/spice-framework/toolchain v0.0.0-20260806133530-71211498297c/go.mod h1:/U0xhEiz4xGpiCCS560gjgDiixDh5lR4NXVbVPmrmh8=
github.com/twmb/franz-go v1.21.5 h1:cVYI2+JTTKSvohhy8bCOleYrS7G79ZBrLVFIJsoHm8M=
github.com/twmb/franz-go v1.21.5/go.mod h1:rfoMTnVk7107fhTGxfEKIHP/e7tPe6oyij/ywzO0czk=
github.com/twmb/franz-go/pkg/kmsg v1.13.1 h1:fG5kItwysTk5UXqVwb64EpQEy3TydF3vYYK21nUQ+bI=
github.com/twmb/franz-go/pkg/kmsg v1.13.1/go.mod h1:+DPt4NC8RmI6hqb8G09+3giKObE6uD2Eya6CfqBpeJY=
golang.org/x/crypto v0.52.0 h1:RMs7fP2rXdep0CftQlK8Uf+kibLm7qkCcradZWYz988=
golang.org/x/crypto v0.52.0/go.mod h1:1QgfPxDqh0T2M/elOJtp9RvuR95kVjir0e6/BvEmGbc=
golang.org/x/mod v0.38.0 h1:MECBjubtXD7yj4HrhIUcywNaGeNVUdfVnxmPajOk4yk=
golang.org/x/mod v0.38.0/go.mod h1:V6Xz0pq8TQ3dGqVQ1FVHuelZpAL0uNhSkk9ogYP3c40=
